
Microsoft Visual Studio Solution File, Format Version 12.00
# Visual Studio Version 17
VisualStudioVersion = 17.5.002.0
MinimumVisualStudioVersion = 10.0.40219.1
Project("{9A19103F-16F7-4668-BE54-9A1E7A4F7556}") = "28-Classes-e-Objetos", "28-Classes-e-Objetos.csproj", "{21504489-E706-4FDB-8039-C4895D1BAD14}"
EndProject
Global
	GlobalSection(SolutionConfigurationPlatforms) = preSolution
		Debug|Any CPU = Debug|Any CPU
		Release|Any CPU = Release|Any CPU
	EndGlobalSection
	GlobalSection(ProjectConfigurationPlatforms) = postSolution
		{21504489-E706-4FDB-8039-C4895D1BAD14}.Debug|Any CPU.ActiveCfg = Debug|Any CPU
		{21504489-E706-4FDB-8039-C4895D1BAD14}.Debug|Any CPU.Build.0 = Debug|Any CPU
		{21504489-E706-4FDB-8039-C4895D1BAD14}.Release|Any CPU.ActiveCfg = Release|Any CPU
		{21504489-E706-4FDB-8039-C4895D1BAD14}.Release|Any CPU.Build.0 = Release|Any CPU
	EndGlobalSection
	GlobalSection(SolutionProperties) = preSolution
		HideSolutionNode = FALSE
	EndGlobalSection
	GlobalSection(ExtensibilityGlobals) = postSolution
		SolutionGuid = {A97DCED8-F40E-48C1-A55F-52D2ADE5F19E}
	EndGlobalSection
EndGlobal
