
Microsoft Visual Studio Solution File, Format Version 12.00
# Visual Studio Version 17
VisualStudioVersion = 17.5.002.0
MinimumVisualStudioVersion = 10.0.40219.1
Project("{9A19103F-16F7-4668-BE54-9A1E7A4F7556}") = "29-Atribuição e Exibição", "29-Atribuição e Exibição.csproj", "{4F5FD469-CE29-435E-A453-2022D97C560E}"
EndProject
Global
	GlobalSection(SolutionConfigurationPlatforms) = preSolution
		Debug|Any CPU = Debug|Any CPU
		Release|Any CPU = Release|Any CPU
	EndGlobalSection
	GlobalSection(ProjectConfigurationPlatforms) = postSolution
		{4F5FD469-CE29-435E-A453-2022D97C560E}.Debug|Any CPU.ActiveCfg = Debug|Any CPU
		{4F5FD469-CE29-435E-A453-2022D97C560E}.Debug|Any CPU.Build.0 = Debug|Any CPU
		{4F5FD469-CE29-435E-A453-2022D97C560E}.Release|Any CPU.ActiveCfg = Release|Any CPU
		{4F5FD469-CE29-435E-A453-2022D97C560E}.Release|Any CPU.Build.0 = Release|Any CPU
	EndGlobalSection
	GlobalSection(SolutionProperties) = preSolution
		HideSolutionNode = FALSE
	EndGlobalSection
	GlobalSection(ExtensibilityGlobals) = postSolution
		SolutionGuid = {01861F44-8622-4E28-B59F-BDCA0F5C9E0A}
	EndGlobalSection
EndGlobal
