
Microsoft Visual Studio Solution File, Format Version 12.00
# Visual Studio Version 17
VisualStudioVersion = 17.5.002.0
MinimumVisualStudioVersion = 10.0.40219.1
Project("{9A19103F-16F7-4668-BE54-9A1E7A4F7556}") = "32-DiferenciaParametro", "32-DiferenciaParametro.csproj", "{BFE83C6A-D2F8-4989-BB46-6F24AB7C02CB}"
EndProject
Global
	GlobalSection(SolutionConfigurationPlatforms) = preSolution
		Debug|Any CPU = Debug|Any CPU
		Release|Any CPU = Release|Any CPU
	EndGlobalSection
	GlobalSection(ProjectConfigurationPlatforms) = postSolution
		{BFE83C6A-D2F8-4989-BB46-6F24AB7C02CB}.Debug|Any CPU.ActiveCfg = Debug|Any CPU
		{BFE83C6A-D2F8-4989-BB46-6F24AB7C02CB}.Debug|Any CPU.Build.0 = Debug|Any CPU
		{BFE83C6A-D2F8-4989-BB46-6F24AB7C02CB}.Release|Any CPU.ActiveCfg = Release|Any CPU
		{BFE83C6A-D2F8-4989-BB46-6F24AB7C02CB}.Release|Any CPU.Build.0 = Release|Any CPU
	EndGlobalSection
	GlobalSection(SolutionProperties) = preSolution
		HideSolutionNode = FALSE
	EndGlobalSection
	GlobalSection(ExtensibilityGlobals) = postSolution
		SolutionGuid = {94CD0511-3A3A-4E0B-B26E-EE2CC2C49642}
	EndGlobalSection
EndGlobal
